
Microsoft Visual Studio Solution File, Format Version 12.00
# Visual Studio Version 17
VisualStudioVersion = 17.8.34316.72
MinimumVisualStudioVersion = 10.0.40219.1
Project("{FAE04EC0-301F-11D3-BF4B-00C04F79EFBC}") = "asp_net_web_api", "asp_net_web_api\asp_net_web_api.csproj", "{B37DB0A1-3517-4B47-983F-05D228D62526}"
EndProject
Global
	GlobalSection(SolutionConfigurationPlatforms) = preSolution
		Debug|Any CPU = Debug|Any CPU
		Release|Any CPU = Release|Any CPU
	EndGlobalSection
	GlobalSection(ProjectConfigurationPlatforms) = postSolution
		{B37DB0A1-3517-4B47-983F-05D228D62526}.Debug|Any CPU.ActiveCfg = Debug|Any CPU
		{B37DB0A1-3517-4B47-983F-05D228D62526}.Debug|Any CPU.Build.0 = Debug|Any CPU
		{B37DB0A1-3517-4B47-983F-05D228D62526}.Release|Any CPU.ActiveCfg = Release|Any CPU
		{B37DB0A1-3517-4B47-983F-05D228D62526}.Release|Any CPU.Build.0 = Release|Any CPU
	EndGlobalSection
	GlobalSection(SolutionProperties) = preSolution
		HideSolutionNode = FALSE
	EndGlobalSection
	GlobalSection(ExtensibilityGlobals) = postSolution
		SolutionGuid = {FDA9B3A6-4A9E-4DB9-B77F-F1E9A9E4333D}
	EndGlobalSection
EndGlobal
